
Microsoft Visual Studio Solution File, Format Version 12.00
# Visual Studio Version 16
VisualStudioVersion = 16.0.31410.357
MinimumVisualStudioVersion = 10.0.40219.1
Project("{FAE04EC0-301F-11D3-BF4B-00C04F79EFBC}") = "DIP", "DIP\DIP.csproj", "{94D66B2E-B538-4F3C-8706-2474C9D8C814}"
EndProject
Global
	GlobalSection(SolutionConfigurationPlatforms) = preSolution
		Debug|Any CPU = Debug|Any CPU
		Release|Any CPU = Release|Any CPU
	EndGlobalSection
	GlobalSection(ProjectConfigurationPlatforms) = postSolution
		{94D66B2E-B538-4F3C-8706-2474C9D8C814}.Debug|Any CPU.ActiveCfg = Debug|Any CPU
		{94D66B2E-B538-4F3C-8706-2474C9D8C814}.Debug|Any CPU.Build.0 = Debug|Any CPU
		{94D66B2E-B538-4F3C-8706-2474C9D8C814}.Release|Any CPU.ActiveCfg = Release|Any CPU
		{94D66B2E-B538-4F3C-8706-2474C9D8C814}.Release|Any CPU.Build.0 = Release|Any CPU
	EndGlobalSection
	GlobalSection(SolutionProperties) = preSolution
		HideSolutionNode = FALSE
	EndGlobalSection
	GlobalSection(ExtensibilityGlobals) = postSolution
		SolutionGuid = {8C4CCD7F-BB62-4259-A378-7D8A44F203DE}
	EndGlobalSection
EndGlobal
